
Microsoft Visual Studio Solution File, Format Version 12.00
# Visual Studio Version 16
VisualStudioVersion = 16.0.30011.22
MinimumVisualStudioVersion = 10.0.40219.1
Project("{9A19103F-16F7-4668-BE54-9A1E7A4F7556}") = "kuras", "kuras.csproj", "{A8418533-EE94-4453-9E05-23934277D275}"
EndProject
Global
	GlobalSection(SolutionConfigurationPlatforms) = preSolution
		Debug|Any CPU = Debug|Any CPU
		Release|Any CPU = Release|Any CPU
	EndGlobalSection
	GlobalSection(ProjectConfigurationPlatforms) = postSolution
		{A8418533-EE94-4453-9E05-23934277D275}.Debug|Any CPU.ActiveCfg = Debug|Any CPU
		{A8418533-EE94-4453-9E05-23934277D275}.Debug|Any CPU.Build.0 = Debug|Any CPU
		{A8418533-EE94-4453-9E05-23934277D275}.Release|Any CPU.ActiveCfg = Release|Any CPU
		{A8418533-EE94-4453-9E05-23934277D275}.Release|Any CPU.Build.0 = Release|Any CPU
	EndGlobalSection
	GlobalSection(SolutionProperties) = preSolution
		HideSolutionNode = FALSE
	EndGlobalSection
	GlobalSection(ExtensibilityGlobals) = postSolution
		SolutionGuid = {3E6E1DE3-94C5-4250-A0F3-D1988FB6D78D}
	EndGlobalSection
EndGlobal
